
Microsoft Visual Studio Solution File, Format Version 12.00
# Visual Studio Version 17
VisualStudioVersion = 17.0.31903.59
MinimumVisualStudioVersion = 10.0.40219.1
Project("{FAE04EC0-301F-11D3-BF4B-00C04F79EFBC}") = "TWPBaseLib", "TWPBaseLib\TWPBaseLib.csproj", "{020DDB66-91A9-4A86-B466-5F4812081540}"
EndProject
Project("{FAE04EC0-301F-11D3-BF4B-00C04F79EFBC}") = "TWP Android", "TWP Android\TWP_Android.csproj", "{4338D6CE-3EFF-44C0-BC16-2D3914172655}"
EndProject
Project("{FAE04EC0-301F-11D3-BF4B-00C04F79EFBC}") = "TWP Desktop", "TWP Desktop\TWP_Desktop.csproj", "{B8CE7DF5-D2DB-424B-B27B-17AF8544549B}"
EndProject
Global
	GlobalSection(SolutionConfigurationPlatforms) = preSolution
		Debug|Any CPU = Debug|Any CPU
		Release|Any CPU = Release|Any CPU
	EndGlobalSection
	GlobalSection(ProjectConfigurationPlatforms) = postSolution
		{020DDB66-91A9-4A86-B466-5F4812081540}.Debug|Any CPU.ActiveCfg = Debug|Any CPU
		{020DDB66-91A9-4A86-B466-5F4812081540}.Debug|Any CPU.Build.0 = Debug|Any CPU
		{020DDB66-91A9-4A86-B466-5F4812081540}.Release|Any CPU.ActiveCfg = Release|Any CPU
		{020DDB66-91A9-4A86-B466-5F4812081540}.Release|Any CPU.Build.0 = Release|Any CPU
		{4338D6CE-3EFF-44C0-BC16-2D3914172655}.Debug|Any CPU.ActiveCfg = Debug|Any CPU
		{4338D6CE-3EFF-44C0-BC16-2D3914172655}.Debug|Any CPU.Build.0 = Debug|Any CPU
		{4338D6CE-3EFF-44C0-BC16-2D3914172655}.Release|Any CPU.ActiveCfg = Release|Any CPU
		{4338D6CE-3EFF-44C0-BC16-2D3914172655}.Release|Any CPU.Build.0 = Release|Any CPU
		{B8CE7DF5-D2DB-424B-B27B-17AF8544549B}.Debug|Any CPU.ActiveCfg = Debug|Any CPU
		{B8CE7DF5-D2DB-424B-B27B-17AF8544549B}.Debug|Any CPU.Build.0 = Debug|Any CPU
		{B8CE7DF5-D2DB-424B-B27B-17AF8544549B}.Release|Any CPU.ActiveCfg = Release|Any CPU
		{B8CE7DF5-D2DB-424B-B27B-17AF8544549B}.Release|Any CPU.Build.0 = Release|Any CPU
	EndGlobalSection
	GlobalSection(SolutionProperties) = preSolution
		HideSolutionNode = FALSE
	EndGlobalSection
EndGlobal
		{020DDB66-91A9-4A86-B466-5F4812081540}.Debug|x86.Build.0 = Debug|Any CPU
		{020DDB66-91A9-4A86-B466-5F4812081540}.Release|Any CPU.ActiveCfg = Release|Any CPU
		{020DDB66-91A9-4A86-B466-5F4812081540}.Release|Any CPU.Build.0 = Release|Any CPU
		{020DDB66-91A9-4A86-B466-5F4812081540}.Release|x86.ActiveCfg = Release|Any CPU
		{020DDB66-91A9-4A86-B466-5F4812081540}.Release|x86.Build.0 = Release|Any CPU
		{A9FD6D53-B3B6-430F-9E46-42FEB80D7344}.Debug|Any CPU.ActiveCfg = Debug|Any CPU
		{A9FD6D53-B3B6-430F-9E46-42FEB80D7344}.Debug|Any CPU.Build.0 = Debug|Any CPU
		{A9FD6D53-B3B6-430F-9E46-42FEB80D7344}.Debug|x86.ActiveCfg = Debug|Any CPU
		{A9FD6D53-B3B6-430F-9E46-42FEB80D7344}.Debug|x86.Build.0 = Debug|Any CPU
		{A9FD6D53-B3B6-430F-9E46-42FEB80D7344}.Release|Any CPU.ActiveCfg = Release|Any CPU
		{A9FD6D53-B3B6-430F-9E46-42FEB80D7344}.Release|Any CPU.Build.0 = Release|Any CPU
		{A9FD6D53-B3B6-430F-9E46-42FEB80D7344}.Release|x86.ActiveCfg = Release|Any CPU
		{A9FD6D53-B3B6-430F-9E46-42FEB80D7344}.Release|x86.Build.0 = Release|Any CPU
		{4338D6CE-3EFF-44C0-BC16-2D3914172655}.Debug|Any CPU.ActiveCfg = Debug|Any CPU
		{4338D6CE-3EFF-44C0-BC16-2D3914172655}.Debug|Any CPU.Build.0 = Debug|Any CPU
		{4338D6CE-3EFF-44C0-BC16-2D3914172655}.Debug|Any CPU.Deploy.0 = Debug|Any CPU
		{4338D6CE-3EFF-44C0-BC16-2D3914172655}.Debug|x86.ActiveCfg = Debug|Any CPU
		{4338D6CE-3EFF-44C0-BC16-2D3914172655}.Debug|x86.Build.0 = Debug|Any CPU
		{4338D6CE-3EFF-44C0-BC16-2D3914172655}.Debug|x86.Deploy.0 = Debug|Any CPU
		{4338D6CE-3EFF-44C0-BC16-2D3914172655}.Release|Any CPU.ActiveCfg = Release|Any CPU
		{4338D6CE-3EFF-44C0-BC16-2D3914172655}.Release|Any CPU.Build.0 = Release|Any CPU
		{4338D6CE-3EFF-44C0-BC16-2D3914172655}.Release|Any CPU.Deploy.0 = Release|Any CPU
		{4338D6CE-3EFF-44C0-BC16-2D3914172655}.Release|x86.ActiveCfg = Release|Any CPU
		{4338D6CE-3EFF-44C0-BC16-2D3914172655}.Release|x86.Build.0 = Release|Any CPU
		{4338D6CE-3EFF-44C0-BC16-2D3914172655}.Release|x86.Deploy.0 = Release|Any CPU
		{B8CE7DF5-D2DB-424B-B27B-17AF8544549B}.Debug|Any CPU.ActiveCfg = Debug|x86
		{B8CE7DF5-D2DB-424B-B27B-17AF8544549B}.Debug|Any CPU.Build.0 = Debug|x86
		{B8CE7DF5-D2DB-424B-B27B-17AF8544549B}.Debug|x86.ActiveCfg = Debug|x86
		{B8CE7DF5-D2DB-424B-B27B-17AF8544549B}.Debug|x86.Build.0 = Debug|x86
		{B8CE7DF5-D2DB-424B-B27B-17AF8544549B}.Release|Any CPU.ActiveCfg = Release|x86
		{B8CE7DF5-D2DB-424B-B27B-17AF8544549B}.Release|Any CPU.Build.0 = Release|x86
		{B8CE7DF5-D2DB-424B-B27B-17AF8544549B}.Release|x86.ActiveCfg = Release|x86
		{B8CE7DF5-D2DB-424B-B27B-17AF8544549B}.Release|x86.Build.0 = Release|x86
	EndGlobalSection
	GlobalSection(SolutionProperties) = preSolution
		HideSolutionNode = FALSE
	EndGlobalSection
	GlobalSection(ExtensibilityGlobals) = postSolution
		SolutionGuid = {B5E63BF3-E885-4E30-B99F-7E47FF7355AA}
	EndGlobalSection
EndGlobal
